// !$*UTF8*$!
{
	archiveVersion = 1;
	classes = {
	};
	objectVersion = 44;
	objects = {

/* Begin PBXAggregateTarget section */
		32DC629B10D2FF87008B5B1B /* All */ = {
			isa = PBXAggregateTarget;
			buildConfigurationList = 32DC629E10D2FFA5008B5B1B /* Build configuration list for PBXAggregateTarget "All" */;
			buildPhases = (
			);
			dependencies = (
				32DC62A010D2FFAB008B5B1B /* PBXTargetDependency */,
				32DC62A810D2FFAB008B5B1B /* PBXTargetDependency */,
				32DC62AA10D2FFAB008B5B1B /* PBXTargetDependency */,
				32D4CDA8147AE044008973BD /* PBXTargetDependency */,
			);
			name = All;
			productName = All;
		};
/* End PBXAggregateTarget section */

/* Begin PBXBuildFile section */
		320EDD5C14884D2400B191B0 /* Keyboard.plist in Resources */ = {isa = PBXBuildFile; fileRef = 320EDD5B14884D2400B191B0 /* Keyboard.plist */; };
		3221A721111C83EB00D8D1A9 /* TextRenderer.c in Sources */ = {isa = PBXBuildFile; fileRef = 3221A71E111C83EB00D8D1A9 /* TextRenderer.c */; };
		3229611713846B22008157E9 /* MainMenu.xib in Resources */ = {isa = PBXBuildFile; fileRef = 3229611613846B22008157E9 /* MainMenu.xib */; };
		3229611A13846B4B008157E9 /* CMAPParser.c in Sources */ = {isa = PBXBuildFile; fileRef = 325554F7105AF4AD007222C6 /* CMAPParser.c */; };
		3229611B13846B4C008157E9 /* GlyphView.m in Sources */ = {isa = PBXBuildFile; fileRef = 325554FD105AF4AD007222C6 /* GlyphView.m */; };
		3229611C13846B4C008157E9 /* IPAServer.m in Sources */ = {isa = PBXBuildFile; fileRef = 3255550C105AF4AD007222C6 /* IPAServer.m */; };
		3229611D13846B4D008157E9 /* PDFImageMap.m in Sources */ = {isa = PBXBuildFile; fileRef = 32555508105AF4AD007222C6 /* PDFImageMap.m */; };
		3229611E13846B4E008157E9 /* PDFImageMapCreator.m in Sources */ = {isa = PBXBuildFile; fileRef = 3241F26B10975BD3004779A4 /* PDFImageMapCreator.m */; };
		3229611F13846B4E008157E9 /* Placeholder.c in Sources */ = {isa = PBXBuildFile; fileRef = 32555509105AF4AD007222C6 /* Placeholder.c */; };
		3229612013846B50008157E9 /* TextRenderer.c in Sources */ = {isa = PBXBuildFile; fileRef = 3221A71E111C83EB00D8D1A9 /* TextRenderer.c */; };
		3229612113846B50008157E9 /* UserGlyphsController.m in Sources */ = {isa = PBXBuildFile; fileRef = 32BC62321113697F00B4E065 /* UserGlyphsController.m */; };
		3229612213846B56008157E9 /* Onizuka.m in Sources */ = {isa = PBXBuildFile; fileRef = 32555506105AF4AD007222C6 /* Onizuka.m */; };
		3229612413846B61008157E9 /* Cons.pdf in Resources */ = {isa = PBXBuildFile; fileRef = 3237888B1072812C00149CCD /* Cons.pdf */; };
		3229612513846B61008157E9 /* Vow.pdf in Resources */ = {isa = PBXBuildFile; fileRef = 3237888A1072812C00149CCD /* Vow.pdf */; };
		3229612613846B61008157E9 /* VowDrag.pdf in Resources */ = {isa = PBXBuildFile; fileRef = 323788891072812C00149CCD /* VowDrag.pdf */; };
		3229612713846B61008157E9 /* SupraTone.pdf in Resources */ = {isa = PBXBuildFile; fileRef = 323788861072812C00149CCD /* SupraTone.pdf */; };
		3229612813846B61008157E9 /* Diacritic.pdf in Resources */ = {isa = PBXBuildFile; fileRef = 323788881072812C00149CCD /* Diacritic.pdf */; };
		3229612913846B61008157E9 /* ExtIPA.pdf in Resources */ = {isa = PBXBuildFile; fileRef = 323788851072812C00149CCD /* ExtIPA.pdf */; };
		3229612A13846B61008157E9 /* Other.pdf in Resources */ = {isa = PBXBuildFile; fileRef = 323788871072812C00149CCD /* Other.pdf */; };
		3229612E13846B6D008157E9 /* plus.icns in Resources */ = {isa = PBXBuildFile; fileRef = 320F3D3411175DB400079629 /* plus.icns */; };
		3229612F13846B6D008157E9 /* Localizable.strings in Resources */ = {isa = PBXBuildFile; fileRef = 3226A32A10863DCC000AD993 /* Localizable.strings */; };
		3229613013846B6D008157E9 /* MapData.plist in Resources */ = {isa = PBXBuildFile; fileRef = 32555503105AF4AD007222C6 /* MapData.plist */; };
		3229613113846B6D008157E9 /* Alts.strings in Resources */ = {isa = PBXBuildFile; fileRef = 328D1C8B122C08ED00FE6E3C /* Alts.strings */; };
		3241E31910727C8200144CE0 /* AppController.m in Sources */ = {isa = PBXBuildFile; fileRef = 3241E31410727C8200144CE0 /* AppController.m */; };
		3241E32D10727CFC00144CE0 /* Placeholder.c in Sources */ = {isa = PBXBuildFile; fileRef = 32555509105AF4AD007222C6 /* Placeholder.c */; };
		3241E32F10727D1100144CE0 /* main.m in Sources */ = {isa = PBXBuildFile; fileRef = 32555501105AF4AD007222C6 /* main.m */; };
		3241F26C10975BD3004779A4 /* PDFImageMapCreator.m in Sources */ = {isa = PBXBuildFile; fileRef = 3241F26B10975BD3004779A4 /* PDFImageMapCreator.m */; };
		3247FE961051B3B70013F223 /* IPAIcon.tif in Resources */ = {isa = PBXBuildFile; fileRef = 3247FE951051B3B70013F223 /* IPAIcon.tif */; };
		326E891B144616450063F34B /* MainMenu.xib in Resources */ = {isa = PBXBuildFile; fileRef = 326E891A144616450063F34B /* MainMenu.xib */; };
		327FE566106D53E9003FEB34 /* Carbon.framework in Frameworks */ = {isa = PBXBuildFile; fileRef = 327FE565106D53E9003FEB34 /* Carbon.framework */; };
		328E50181459D77700BAB93F /* defaults.plist in Resources */ = {isa = PBXBuildFile; fileRef = 328E50171459D77700BAB93F /* defaults.plist */; };
		3299F3E1143E65B9009191BC /* HackedDoulos-Regular.ttf in Resources */ = {isa = PBXBuildFile; fileRef = 3299F3E0143E65B9009191BC /* HackedDoulos-Regular.ttf */; };
		32B0660A13BA7DEB00EB242B /* Pal.pdf in Resources */ = {isa = PBXBuildFile; fileRef = 32B0660813BA7DEB00EB242B /* Pal.pdf */; };
		32B0660B13BA7DEB00EB242B /* Retro.pdf in Resources */ = {isa = PBXBuildFile; fileRef = 32B0660913BA7DEB00EB242B /* Retro.pdf */; };
		32B0661013BA7E1100EB242B /* VPh.pdf in Resources */ = {isa = PBXBuildFile; fileRef = 32B0660F13BA7E1100EB242B /* VPh.pdf */; };
		32B0662B13BA815800EB242B /* MAAttachedWindow.m in Sources */ = {isa = PBXBuildFile; fileRef = 32B0662A13BA815800EB242B /* MAAttachedWindow.m */; };
		32D4CDB4147AE0C5008973BD /* main.m in Sources */ = {isa = PBXBuildFile; fileRef = 32D4CDB3147AE0C5008973BD /* main.m */; };
		32D4CEA5147AE9C0008973BD /* Carbon.framework in Frameworks */ = {isa = PBXBuildFile; fileRef = 327FE565106D53E9003FEB34 /* Carbon.framework */; };
		32D4CECB147AF8B2008973BD /* KeylayoutParser.m in Sources */ = {isa = PBXBuildFile; fileRef = 32D4CECA147AF8B2008973BD /* KeylayoutParser.m */; };
		32DB949914ED9B5A008A805A /* NSView+Spinny.m in Sources */ = {isa = PBXBuildFile; fileRef = 32DB949814ED9B5A008A805A /* NSView+Spinny.m */; };
		32E729E11444EC3700E2B07B /* IPAIconTemplate.pdf in Resources */ = {isa = PBXBuildFile; fileRef = 32E729E01444EC3700E2B07B /* IPAIconTemplate.pdf */; };
		32EC6C991125CE6E00FABAC9 /* Cocoa.framework in Frameworks */ = {isa = PBXBuildFile; fileRef = 1058C7A1FEA54F0111CA2CBB /* Cocoa.framework */; };
		32F57E4B148944C30032B77E /* KeylayoutParser.m in Sources */ = {isa = PBXBuildFile; fileRef = 32D4CECA147AF8B2008973BD /* KeylayoutParser.m */; };
		32F902831076ACD8000D0404 /* IPAPalettePostinstall.m in Sources */ = {isa = PBXBuildFile; fileRef = 328B05041075244F000D6186 /* IPAPalettePostinstall.m */; };
		32F9029C1076AE18000D0404 /* Cocoa.framework in Frameworks */ = {isa = PBXBuildFile; fileRef = 1058C7A1FEA54F0111CA2CBB /* Cocoa.framework */; };
		32F9035F1076AE35000D0404 /* Carbon.framework in Frameworks */ = {isa = PBXBuildFile; fileRef = 327FE565106D53E9003FEB34 /* Carbon.framework */; };
		8D11072D0486CEB800E47090 /* main.m in Sources */ = {isa = PBXBuildFile; fileRef = 29B97316FDCFA39411CA2CEA /* main.m */; settings = {ATTRIBUTES = (); }; };
		8D11072F0486CEB800E47090 /* Cocoa.framework in Frameworks */ = {isa = PBXBuildFile; fileRef = 1058C7A1FEA54F0111CA2CBB /* Cocoa.framework */; };
		E93074B70A5C264700470842 /* InputMethodKit.framework in Frameworks */ = {isa = PBXBuildFile; fileRef = E93074B60A5C264700470842 /* InputMethodKit.framework */; };
		E93074E20A5C2F1200470842 /* IPAInputController.m in Sources */ = {isa = PBXBuildFile; fileRef = E93074E10A5C2F1200470842 /* IPAInputController.m */; };
/* End PBXBuildFile section */

/* Begin PBXContainerItemProxy section */
		32D4CDA7147AE044008973BD /* PBXContainerItemProxy */ = {
			isa = PBXContainerItemProxy;
			containerPortal = 29B97313FDCFA39411CA2CEA /* Project object */;
			proxyType = 1;
			remoteGlobalIDString = 32D4CDA2147AE00C008973BD;
			remoteInfo = KeyboardParser;
		};
		32DC629F10D2FFAB008B5B1B /* PBXContainerItemProxy */ = {
			isa = PBXContainerItemProxy;
			containerPortal = 29B97313FDCFA39411CA2CEA /* Project object */;
			proxyType = 1;
			remoteGlobalIDString = 8D1107260486CEB800E47090;
			remoteInfo = IPAPaletteIM;
		};
		32DC62A710D2FFAB008B5B1B /* PBXContainerItemProxy */ = {
			isa = PBXContainerItemProxy;
			containerPortal = 29B97313FDCFA39411CA2CEA /* Project object */;
			proxyType = 1;
			remoteGlobalIDString = 3241E2F010727BC500144CE0;
			remoteInfo = ImageMapGen;
		};
		32DC62A910D2FFAB008B5B1B /* PBXContainerItemProxy */ = {
			isa = PBXContainerItemProxy;
			containerPortal = 29B97313FDCFA39411CA2CEA /* Project object */;
			proxyType = 1;
			remoteGlobalIDString = 32F9027E1076ACB2000D0404;
			remoteInfo = InstallRegister;
		};
/* End PBXContainerItemProxy section */

/* Begin PBXFileReference section */
		1058C7A1FEA54F0111CA2CBB /* Cocoa.framework */ = {isa = PBXFileReference; lastKnownFileType = wrapper.framework; name = Cocoa.framework; path = /System/Library/Frameworks/Cocoa.framework; sourceTree = "<absolute>"; };
		29B97316FDCFA39411CA2CEA /* main.m */ = {isa = PBXFileReference; fileEncoding = 4; lastKnownFileType = sourcecode.c.objc; name = main.m; path = Palette/main.m; sourceTree = SOURCE_ROOT; };
		29B97324FDCFA39411CA2CEA /* AppKit.framework */ = {isa = PBXFileReference; lastKnownFileType = wrapper.framework; name = AppKit.framework; path = /System/Library/Frameworks/AppKit.framework; sourceTree = "<absolute>"; };
		29B97325FDCFA39411CA2CEA /* Foundation.framework */ = {isa = PBXFileReference; lastKnownFileType = wrapper.framework; name = Foundation.framework; path = /System/Library/Frameworks/Foundation.framework; sourceTree = "<absolute>"; };
		32022D7C11D16A8F000BFE8F /* es */ = {isa = PBXFileReference; lastKnownFileType = text.plist.strings; name = es; path = Localization/es.lproj/Localizable.strings; sourceTree = "<group>"; };
		32022D7D11D16A99000BFE8F /* it */ = {isa = PBXFileReference; lastKnownFileType = text.plist.strings; name = it; path = Localization/it.lproj/Localizable.strings; sourceTree = "<group>"; };
		320EDD5B14884D2400B191B0 /* Keyboard.plist */ = {isa = PBXFileReference; fileEncoding = 4; lastKnownFileType = text.plist.xml; name = Keyboard.plist; path = Palette/Keyboard.plist; sourceTree = SOURCE_ROOT; };
		320F3D3411175DB400079629 /* plus.icns */ = {isa = PBXFileReference; lastKnownFileType = image.icns; name = plus.icns; path = Palette/plus.icns; sourceTree = SOURCE_ROOT; };
		3221A71D111C83EB00D8D1A9 /* TextRenderer.h */ = {isa = PBXFileReference; fileEncoding = 4; lastKnownFileType = sourcecode.c.h; path = TextRenderer.h; sourceTree = SOURCE_ROOT; };
		3221A71E111C83EB00D8D1A9 /* TextRenderer.c */ = {isa = PBXFileReference; explicitFileType = sourcecode.c.objc; fileEncoding = 4; path = TextRenderer.c; sourceTree = SOURCE_ROOT; };
		3226A32B10863DCC000AD993 /* en */ = {isa = PBXFileReference; fileEncoding = 4; lastKnownFileType = text.plist.strings; name = en; path = Localization/en.lproj/Localizable.strings; sourceTree = "<group>"; };
		3226A32E10863DDC000AD993 /* de */ = {isa = PBXFileReference; lastKnownFileType = text.plist.strings; name = de; path = Localization/de.lproj/Localizable.strings; sourceTree = "<group>"; };
		3226A32F10863DE0000AD993 /* en_GB */ = {isa = PBXFileReference; lastKnownFileType = text.plist.strings; name = en_GB; path = Localization/en_GB.lproj/Localizable.strings; sourceTree = "<group>"; };
		3226A33010863DE4000AD993 /* fr */ = {isa = PBXFileReference; lastKnownFileType = text.plist.strings; name = fr; path = Localization/fr.lproj/Localizable.strings; sourceTree = "<group>"; };
		3226A33110863DE9000AD993 /* ja */ = {isa = PBXFileReference; lastKnownFileType = text.plist.strings; name = ja; path = Localization/ja.lproj/Localizable.strings; sourceTree = "<group>"; };
		3226A33210863DEC000AD993 /* ko */ = {isa = PBXFileReference; lastKnownFileType = text.plist.strings; name = ko; path = Localization/ko.lproj/Localizable.strings; sourceTree = "<group>"; };
		3226A33310863DF0000AD993 /* ru */ = {isa = PBXFileReference; lastKnownFileType = text.plist.strings; name = ru; path = Localization/ru.lproj/Localizable.strings; sourceTree = "<group>"; };
		3226A33410863DF3000AD993 /* vi */ = {isa = PBXFileReference; lastKnownFileType = text.plist.strings; name = vi; path = Localization/vi.lproj/Localizable.strings; sourceTree = "<group>"; };
		3226A33510863DFA000AD993 /* zh_CN */ = {isa = PBXFileReference; lastKnownFileType = text.plist.strings; name = zh_CN; path = Localization/zh_CN.lproj/Localizable.strings; sourceTree = "<group>"; };
		3229611613846B22008157E9 /* MainMenu.xib */ = {isa = PBXFileReference; lastKnownFileType = file.xib; name = MainMenu.xib; path = Palette/MainMenu.xib; sourceTree = SOURCE_ROOT; };
		323788851072812C00149CCD /* ExtIPA.pdf */ = {isa = PBXFileReference; lastKnownFileType = image.pdf; name = ExtIPA.pdf; path = ImageMaps/ExtIPA.pdf; sourceTree = SOURCE_ROOT; };
		323788861072812C00149CCD /* SupraTone.pdf */ = {isa = PBXFileReference; lastKnownFileType = image.pdf; name = SupraTone.pdf; path = ImageMaps/SupraTone.pdf; sourceTree = SOURCE_ROOT; };
		323788871072812C00149CCD /* Other.pdf */ = {isa = PBXFileReference; lastKnownFileType = image.pdf; name = Other.pdf; path = ImageMaps/Other.pdf; sourceTree = SOURCE_ROOT; };
		323788881072812C00149CCD /* Diacritic.pdf */ = {isa = PBXFileReference; lastKnownFileType = image.pdf; name = Diacritic.pdf; path = ImageMaps/Diacritic.pdf; sourceTree = SOURCE_ROOT; };
		323788891072812C00149CCD /* VowDrag.pdf */ = {isa = PBXFileReference; lastKnownFileType = image.pdf; name = VowDrag.pdf; path = ImageMaps/VowDrag.pdf; sourceTree = SOURCE_ROOT; };
		3237888A1072812C00149CCD /* Vow.pdf */ = {isa = PBXFileReference; lastKnownFileType = image.pdf; name = Vow.pdf; path = ImageMaps/Vow.pdf; sourceTree = SOURCE_ROOT; };
		3237888B1072812C00149CCD /* Cons.pdf */ = {isa = PBXFileReference; lastKnownFileType = image.pdf; name = Cons.pdf; path = ImageMaps/Cons.pdf; sourceTree = SOURCE_ROOT; };
		3241E2F110727BC500144CE0 /* ImageMapGen.app */ = {isa = PBXFileReference; explicitFileType = wrapper.application; includeInIndex = 0; path = ImageMapGen.app; sourceTree = BUILT_PRODUCTS_DIR; };
		3241E31210727C8200144CE0 /* Info.plist */ = {isa = PBXFileReference; fileEncoding = 4; lastKnownFileType = text.plist.xml; name = Info.plist; path = ImageMapGen/Info.plist; sourceTree = SOURCE_ROOT; };
		3241E31410727C8200144CE0 /* AppController.m */ = {isa = PBXFileReference; fileEncoding = 4; lastKnownFileType = sourcecode.c.objc; name = AppController.m; path = ImageMapGen/AppController.m; sourceTree = SOURCE_ROOT; };
		3241E31610727C8200144CE0 /* AppController.h */ = {isa = PBXFileReference; fileEncoding = 4; lastKnownFileType = sourcecode.c.h; name = AppController.h; path = ImageMapGen/AppController.h; sourceTree = SOURCE_ROOT; };
		3241F26A10975BD3004779A4 /* PDFImageMapCreator.h */ = {isa = PBXFileReference; fileEncoding = 4; lastKnownFileType = sourcecode.c.h; path = PDFImageMapCreator.h; sourceTree = SOURCE_ROOT; };
		3241F26B10975BD3004779A4 /* PDFImageMapCreator.m */ = {isa = PBXFileReference; fileEncoding = 4; lastKnownFileType = sourcecode.c.objc; path = PDFImageMapCreator.m; sourceTree = SOURCE_ROOT; };
		3247FE951051B3B70013F223 /* IPAIcon.tif */ = {isa = PBXFileReference; lastKnownFileType = image.tiff; name = IPAIcon.tif; path = Palette/IPAIcon.tif; sourceTree = SOURCE_ROOT; };
		325554F7105AF4AD007222C6 /* CMAPParser.c */ = {isa = PBXFileReference; explicitFileType = sourcecode.c.objc; fileEncoding = 4; name = CMAPParser.c; path = Palette/CMAPParser.c; sourceTree = SOURCE_ROOT; };
		325554F8105AF4AD007222C6 /* CMAPParser.h */ = {isa = PBXFileReference; fileEncoding = 4; lastKnownFileType = sourcecode.c.h; name = CMAPParser.h; path = Palette/CMAPParser.h; sourceTree = SOURCE_ROOT; };
		325554FC105AF4AD007222C6 /* GlyphView.h */ = {isa = PBXFileReference; fileEncoding = 4; lastKnownFileType = sourcecode.c.h; name = GlyphView.h; path = Palette/GlyphView.h; sourceTree = SOURCE_ROOT; };
		325554FD105AF4AD007222C6 /* GlyphView.m */ = {isa = PBXFileReference; fileEncoding = 4; lastKnownFileType = sourcecode.c.objc; name = GlyphView.m; path = Palette/GlyphView.m; sourceTree = SOURCE_ROOT; };
		32555501105AF4AD007222C6 /* main.m */ = {isa = PBXFileReference; fileEncoding = 4; lastKnownFileType = sourcecode.c.objc; name = main.m; path = ImageMapGen/main.m; sourceTree = SOURCE_ROOT; };
		32555503105AF4AD007222C6 /* MapData.plist */ = {isa = PBXFileReference; fileEncoding = 4; lastKnownFileType = text.plist.xml; name = MapData.plist; path = ImageMaps/MapData.plist; sourceTree = SOURCE_ROOT; };
		32555505105AF4AD007222C6 /* Onizuka.h */ = {isa = PBXFileReference; fileEncoding = 4; lastKnownFileType = sourcecode.c.h; name = Onizuka.h; path = Onizuka/Onizuka.h; sourceTree = SOURCE_ROOT; };
		32555506105AF4AD007222C6 /* Onizuka.m */ = {isa = PBXFileReference; fileEncoding = 4; lastKnownFileType = sourcecode.c.objc; name = Onizuka.m; path = Onizuka/Onizuka.m; sourceTree = SOURCE_ROOT; };
		32555507105AF4AD007222C6 /* PDFImageMap.h */ = {isa = PBXFileReference; fileEncoding = 4; lastKnownFileType = sourcecode.c.h; name = PDFImageMap.h; path = Palette/PDFImageMap.h; sourceTree = SOURCE_ROOT; };
		32555508105AF4AD007222C6 /* PDFImageMap.m */ = {isa = PBXFileReference; fileEncoding = 4; lastKnownFileType = sourcecode.c.objc; name = PDFImageMap.m; path = Palette/PDFImageMap.m; sourceTree = SOURCE_ROOT; };
		32555509105AF4AD007222C6 /* Placeholder.c */ = {isa = PBXFileReference; explicitFileType = sourcecode.c.objc; fileEncoding = 4; name = Placeholder.c; path = Palette/Placeholder.c; sourceTree = SOURCE_ROOT; };
		3255550A105AF4AD007222C6 /* Placeholder.h */ = {isa = PBXFileReference; fileEncoding = 4; lastKnownFileType = sourcecode.c.h; name = Placeholder.h; path = Palette/Placeholder.h; sourceTree = SOURCE_ROOT; };
		3255550B105AF4AD007222C6 /* IPAServer.h */ = {isa = PBXFileReference; fileEncoding = 4; lastKnownFileType = sourcecode.c.h; name = IPAServer.h; path = Palette/IPAServer.h; sourceTree = SOURCE_ROOT; };
		3255550C105AF4AD007222C6 /* IPAServer.m */ = {isa = PBXFileReference; fileEncoding = 4; lastKnownFileType = sourcecode.c.objc; name = IPAServer.m; path = Palette/IPAServer.m; sourceTree = SOURCE_ROOT; };
		326E891A144616450063F34B /* MainMenu.xib */ = {isa = PBXFileReference; lastKnownFileType = file.xib; name = MainMenu.xib; path = ImageMapGen/MainMenu.xib; sourceTree = SOURCE_ROOT; };
		327FE565106D53E9003FEB34 /* Carbon.framework */ = {isa = PBXFileReference; lastKnownFileType = wrapper.framework; name = Carbon.framework; path = /System/Library/Frameworks/Carbon.framework; sourceTree = "<absolute>"; };
		328B05041075244F000D6186 /* IPAPalettePostinstall.m */ = {isa = PBXFileReference; fileEncoding = 4; lastKnownFileType = sourcecode.c.objc; name = IPAPalettePostinstall.m; path = Installer/IPAPalettePostinstall.m; sourceTree = SOURCE_ROOT; };
		328D1C8B122C08ED00FE6E3C /* Alts.strings */ = {isa = PBXFileReference; fileEncoding = 4; lastKnownFileType = text.plist.strings; name = Alts.strings; path = Palette/Alts.strings; sourceTree = SOURCE_ROOT; };
		328E50171459D77700BAB93F /* defaults.plist */ = {isa = PBXFileReference; fileEncoding = 4; lastKnownFileType = text.plist.xml; name = defaults.plist; path = Palette/defaults.plist; sourceTree = SOURCE_ROOT; };
		3299F3E0143E65B9009191BC /* HackedDoulos-Regular.ttf */ = {isa = PBXFileReference; lastKnownFileType = file; name = "HackedDoulos-Regular.ttf"; path = "ImageMapGen/HackedDoulos-Regular.ttf"; sourceTree = SOURCE_ROOT; };
		32B0660813BA7DEB00EB242B /* Pal.pdf */ = {isa = PBXFileReference; lastKnownFileType = image.pdf; name = Pal.pdf; path = ImageMaps/Pal.pdf; sourceTree = SOURCE_ROOT; };
		32B0660913BA7DEB00EB242B /* Retro.pdf */ = {isa = PBXFileReference; lastKnownFileType = image.pdf; name = Retro.pdf; path = ImageMaps/Retro.pdf; sourceTree = SOURCE_ROOT; };
		32B0660F13BA7E1100EB242B /* VPh.pdf */ = {isa = PBXFileReference; lastKnownFileType = image.pdf; name = VPh.pdf; path = ImageMaps/VPh.pdf; sourceTree = SOURCE_ROOT; };
		32B0662913BA815800EB242B /* MAAttachedWindow.h */ = {isa = PBXFileReference; fileEncoding = 4; lastKnownFileType = sourcecode.c.h; name = MAAttachedWindow.h; path = Palette/MAAttachedWindow.h; sourceTree = SOURCE_ROOT; };
		32B0662A13BA815800EB242B /* MAAttachedWindow.m */ = {isa = PBXFileReference; fileEncoding = 4; lastKnownFileType = sourcecode.c.objc; name = MAAttachedWindow.m; path = Palette/MAAttachedWindow.m; sourceTree = SOURCE_ROOT; };
		32BC62311113697F00B4E065 /* UserGlyphsController.h */ = {isa = PBXFileReference; fileEncoding = 4; lastKnownFileType = sourcecode.c.h; name = UserGlyphsController.h; path = Palette/UserGlyphsController.h; sourceTree = SOURCE_ROOT; };
		32BC62321113697F00B4E065 /* UserGlyphsController.m */ = {isa = PBXFileReference; fileEncoding = 4; lastKnownFileType = sourcecode.c.objc; name = UserGlyphsController.m; path = Palette/UserGlyphsController.m; sourceTree = SOURCE_ROOT; };
		32CA4F630368D1EE00C91783 /* IPAPalette_Prefix.pch */ = {isa = PBXFileReference; fileEncoding = 4; lastKnownFileType = sourcecode.c.h; path = IPAPalette_Prefix.pch; sourceTree = SOURCE_ROOT; };
		32D0964A135DED4C00D86037 /* README.markdown */ = {isa = PBXFileReference; fileEncoding = 4; lastKnownFileType = text; path = README.markdown; sourceTree = SOURCE_ROOT; };
		32D4CD92147ADF39008973BD /* KeyboardParser-Info.plist */ = {isa = PBXFileReference; lastKnownFileType = text.plist.xml; name = "KeyboardParser-Info.plist"; path = "KeyboardParser/KeyboardParser-Info.plist"; sourceTree = SOURCE_ROOT; };
		32D4CDA3147AE00C008973BD /* KeyboardParser */ = {isa = PBXFileReference; explicitFileType = "compiled.mach-o.executable"; includeInIndex = 0; path = KeyboardParser; sourceTree = BUILT_PRODUCTS_DIR; };
		32D4CDB3147AE0C5008973BD /* main.m */ = {isa = PBXFileReference; fileEncoding = 4; lastKnownFileType = sourcecode.c.objc; name = main.m; path = KeyboardParser/main.m; sourceTree = SOURCE_ROOT; };
		32D4CEC9147AF8B2008973BD /* KeylayoutParser.h */ = {isa = PBXFileReference; fileEncoding = 4; lastKnownFileType = sourcecode.c.h; name = KeylayoutParser.h; path = KeyboardParser/KeylayoutParser.h; sourceTree = SOURCE_ROOT; };
		32D4CECA147AF8B2008973BD /* KeylayoutParser.m */ = {isa = PBXFileReference; fileEncoding = 4; lastKnownFileType = sourcecode.c.objc; name = KeylayoutParser.m; path = KeyboardParser/KeylayoutParser.m; sourceTree = SOURCE_ROOT; };
		32DB949714ED9B5A008A805A /* NSView+Spinny.h */ = {isa = PBXFileReference; fileEncoding = 4; lastKnownFileType = sourcecode.c.h; path = "NSView+Spinny.h"; sourceTree = "<group>"; };
		32DB949814ED9B5A008A805A /* NSView+Spinny.m */ = {isa = PBXFileReference; fileEncoding = 4; lastKnownFileType = sourcecode.c.objc; path = "NSView+Spinny.m"; sourceTree = "<group>"; };
		32DC620E10D2EF6B008B5B1B /* zh_TW */ = {isa = PBXFileReference; lastKnownFileType = text.plist.strings; name = zh_TW; path = Localization/zh_TW.lproj/Localizable.strings; sourceTree = "<group>"; };
		32E102081110BFC100B1F030 /* fi */ = {isa = PBXFileReference; lastKnownFileType = text.plist.strings; name = fi; path = Localization/fi.lproj/Localizable.strings; sourceTree = "<group>"; };
		32E729E01444EC3700E2B07B /* IPAIconTemplate.pdf */ = {isa = PBXFileReference; lastKnownFileType = image.pdf; name = IPAIconTemplate.pdf; path = Palette/IPAIconTemplate.pdf; sourceTree = SOURCE_ROOT; };
		32F9027F1076ACB2000D0404 /* IPAPalettePostinstall */ = {isa = PBXFileReference; explicitFileType = "compiled.mach-o.executable"; includeInIndex = 0; path = IPAPalettePostinstall; sourceTree = BUILT_PRODUCTS_DIR; };
		32FE85E611629A0700E64D62 /* nl */ = {isa = PBXFileReference; lastKnownFileType = text.plist.strings; name = nl; path = Localization/nl.lproj/Localizable.strings; sourceTree = "<group>"; };
		8D1107310486CEB800E47090 /* Info.plist */ = {isa = PBXFileReference; fileEncoding = 4; lastKnownFileType = text.plist.xml; name = Info.plist; path = Palette/Info.plist; sourceTree = SOURCE_ROOT; };
		8D1107320486CEB800E47090 /* IPAPalette.app */ = {isa = PBXFileReference; explicitFileType = wrapper.application; includeInIndex = 0; path = IPAPalette.app; sourceTree = BUILT_PRODUCTS_DIR; };
		E93074B60A5C264700470842 /* InputMethodKit.framework */ = {isa = PBXFileReference; lastKnownFileType = wrapper.framework; name = InputMethodKit.framework; path = /System/Library/Frameworks/InputMethodKit.framework; sourceTree = "<absolute>"; };
		E93074E00A5C2F1200470842 /* IPAInputController.h */ = {isa = PBXFileReference; fileEncoding = 4; lastKnownFileType = sourcecode.c.h; name = IPAInputController.h; path = Palette/IPAInputController.h; sourceTree = SOURCE_ROOT; };
		E93074E10A5C2F1200470842 /* IPAInputController.m */ = {isa = PBXFileReference; fileEncoding = 4; lastKnownFileType = sourcecode.c.objc; name = IPAInputController.m; path = Palette/IPAInputController.m; sourceTree = SOURCE_ROOT; };
/* End PBXFileReference section */

/* Begin PBXFrameworksBuildPhase section */
		3241E2EF10727BC500144CE0 /* Frameworks */ = {
			isa = PBXFrameworksBuildPhase;
			buildActionMask = 2147483647;
			files = (
				32EC6C991125CE6E00FABAC9 /* Cocoa.framework in Frameworks */,
			);
			runOnlyForDeploymentPostprocessing = 0;
		};
		32D4CDA1147AE00C008973BD /* Frameworks */ = {
			isa = PBXFrameworksBuildPhase;
			buildActionMask = 2147483647;
			files = (
				32D4CEA5147AE9C0008973BD /* Carbon.framework in Frameworks */,
			);
			runOnlyForDeploymentPostprocessing = 0;
		};
		32F9027D1076ACB2000D0404 /* Frameworks */ = {
			isa = PBXFrameworksBuildPhase;
			buildActionMask = 2147483647;
			files = (
				32F9029C1076AE18000D0404 /* Cocoa.framework in Frameworks */,
				32F9035F1076AE35000D0404 /* Carbon.framework in Frameworks */,
			);
			runOnlyForDeploymentPostprocessing = 0;
		};
		8D11072E0486CEB800E47090 /* Frameworks */ = {
			isa = PBXFrameworksBuildPhase;
			buildActionMask = 2147483647;
			files = (
				8D11072F0486CEB800E47090 /* Cocoa.framework in Frameworks */,
				E93074B70A5C264700470842 /* InputMethodKit.framework in Frameworks */,
				327FE566106D53E9003FEB34 /* Carbon.framework in Frameworks */,
			);
			runOnlyForDeploymentPostprocessing = 0;
		};
/* End PBXFrameworksBuildPhase section */

/* Begin PBXGroup section */
		1058C7A0FEA54F0111CA2CBB /* Linked Frameworks */ = {
			isa = PBXGroup;
			children = (
				E93074B60A5C264700470842 /* InputMethodKit.framework */,
				327FE565106D53E9003FEB34 /* Carbon.framework */,
				1058C7A1FEA54F0111CA2CBB /* Cocoa.framework */,
			);
			name = "Linked Frameworks";
			sourceTree = "<group>";
		};
		1058C7A2FEA54F0111CA2CBB /* Other Frameworks */ = {
			isa = PBXGroup;
			children = (
				29B97324FDCFA39411CA2CEA /* AppKit.framework */,
				29B97325FDCFA39411CA2CEA /* Foundation.framework */,
			);
			name = "Other Frameworks";
			sourceTree = "<group>";
		};
		19C28FACFE9D520D11CA2CBB /* Products */ = {
			isa = PBXGroup;
			children = (
				8D1107320486CEB800E47090 /* IPAPalette.app */,
				3241E2F110727BC500144CE0 /* ImageMapGen.app */,
				32F9027F1076ACB2000D0404 /* IPAPalettePostinstall */,
				32D4CDA3147AE00C008973BD /* KeyboardParser */,
			);
			name = Products;
			sourceTree = "<group>";
		};
		29B97314FDCFA39411CA2CEA /* NumberInput */ = {
			isa = PBXGroup;
			children = (
				E93074E00A5C2F1200470842 /* IPAInputController.h */,
				E93074E10A5C2F1200470842 /* IPAInputController.m */,
				3255550B105AF4AD007222C6 /* IPAServer.h */,
				3255550C105AF4AD007222C6 /* IPAServer.m */,
				32BC62311113697F00B4E065 /* UserGlyphsController.h */,
				32BC62321113697F00B4E065 /* UserGlyphsController.m */,
				325554FC105AF4AD007222C6 /* GlyphView.h */,
				325554FD105AF4AD007222C6 /* GlyphView.m */,
				32DB949714ED9B5A008A805A /* NSView+Spinny.h */,
				32DB949814ED9B5A008A805A /* NSView+Spinny.m */,
				325554F8105AF4AD007222C6 /* CMAPParser.h */,
				325554F7105AF4AD007222C6 /* CMAPParser.c */,
				32555507105AF4AD007222C6 /* PDFImageMap.h */,
				32555508105AF4AD007222C6 /* PDFImageMap.m */,
				3241F26A10975BD3004779A4 /* PDFImageMapCreator.h */,
				3241F26B10975BD3004779A4 /* PDFImageMapCreator.m */,
				3221A71D111C83EB00D8D1A9 /* TextRenderer.h */,
				3221A71E111C83EB00D8D1A9 /* TextRenderer.c */,
				32B0662913BA815800EB242B /* MAAttachedWindow.h */,
				32B0662A13BA815800EB242B /* MAAttachedWindow.m */,
				3255550A105AF4AD007222C6 /* Placeholder.h */,
				32555509105AF4AD007222C6 /* Placeholder.c */,
				29B97316FDCFA39411CA2CEA /* main.m */,
				32555504105AF4AD007222C6 /* Onizuka */,
				3237887D1072811600149CCD /* ImageMaps */,
				320F3D3411175DB400079629 /* plus.icns */,
				3226A32A10863DCC000AD993 /* Localizable.strings */,
				320EDD5B14884D2400B191B0 /* Keyboard.plist */,
				3247FE951051B3B70013F223 /* IPAIcon.tif */,
				32E729E01444EC3700E2B07B /* IPAIconTemplate.pdf */,
				3229611613846B22008157E9 /* MainMenu.xib */,
				328D1C8B122C08ED00FE6E3C /* Alts.strings */,
				8D1107310486CEB800E47090 /* Info.plist */,
				328E50171459D77700BAB93F /* defaults.plist */,
				32CA4F630368D1EE00C91783 /* IPAPalette_Prefix.pch */,
				32D0964A135DED4C00D86037 /* README.markdown */,
				3241E30810727C5F00144CE0 /* IPAChartGen */,
				328B050610752462000D6186 /* Postinstall */,
				32D4CDB5147AE0DB008973BD /* KeyboadParser */,
				29B97323FDCFA39411CA2CEA /* Frameworks */,
				19C28FACFE9D520D11CA2CBB /* Products */,
			);
			name = NumberInput;
			sourceTree = "<group>";
		};
		29B97323FDCFA39411CA2CEA /* Frameworks */ = {
			isa = PBXGroup;
			children = (
				1058C7A0FEA54F0111CA2CBB /* Linked Frameworks */,
				1058C7A2FEA54F0111CA2CBB /* Other Frameworks */,
			);
			name = Frameworks;
			sourceTree = "<group>";
		};
		3237887D1072811600149CCD /* ImageMaps */ = {
			isa = PBXGroup;
			children = (
				3237888B1072812C00149CCD /* Cons.pdf */,
				323788881072812C00149CCD /* Diacritic.pdf */,
				323788851072812C00149CCD /* ExtIPA.pdf */,
				323788871072812C00149CCD /* Other.pdf */,
				32B0660813BA7DEB00EB242B /* Pal.pdf */,
				32B0660913BA7DEB00EB242B /* Retro.pdf */,
				323788861072812C00149CCD /* SupraTone.pdf */,
				3237888A1072812C00149CCD /* Vow.pdf */,
				323788891072812C00149CCD /* VowDrag.pdf */,
				32B0660F13BA7E1100EB242B /* VPh.pdf */,
				32555503105AF4AD007222C6 /* MapData.plist */,
			);
			path = ImageMaps;
			sourceTree = SOURCE_ROOT;
		};
		3241E30810727C5F00144CE0 /* IPAChartGen */ = {
			isa = PBXGroup;
			children = (
				3241E31610727C8200144CE0 /* AppController.h */,
				3241E31410727C8200144CE0 /* AppController.m */,
				32555501105AF4AD007222C6 /* main.m */,
				3241E31210727C8200144CE0 /* Info.plist */,
				326E891A144616450063F34B /* MainMenu.xib */,
				3299F3E0143E65B9009191BC /* HackedDoulos-Regular.ttf */,
			);
			name = IPAChartGen;
			sourceTree = SOURCE_ROOT;
		};
		32555504105AF4AD007222C6 /* Onizuka */ = {
			isa = PBXGroup;
			children = (
				32555505105AF4AD007222C6 /* Onizuka.h */,
				32555506105AF4AD007222C6 /* Onizuka.m */,
			);
			path = Onizuka;
			sourceTree = SOURCE_ROOT;
		};
		328B050610752462000D6186 /* Postinstall */ = {
			isa = PBXGroup;
			children = (
				328B05041075244F000D6186 /* IPAPalettePostinstall.m */,
			);
			name = Postinstall;
			sourceTree = SOURCE_ROOT;
		};
		32D4CDB5147AE0DB008973BD /* KeyboadParser */ = {
			isa = PBXGroup;
			children = (
				32D4CEC9147AF8B2008973BD /* KeylayoutParser.h */,
				32D4CECA147AF8B2008973BD /* KeylayoutParser.m */,
				32D4CDB3147AE0C5008973BD /* main.m */,
				32D4CD92147ADF39008973BD /* KeyboardParser-Info.plist */,
			);
			name = KeyboadParser;
			sourceTree = SOURCE_ROOT;
		};
/* End PBXGroup section */

/* Begin PBXNativeTarget section */
		3241E2F010727BC500144CE0 /* ImageMapGen */ = {
			isa = PBXNativeTarget;
			buildConfigurationList = 3241E2F610727BC600144CE0 /* Build configuration list for PBXNativeTarget "ImageMapGen" */;
			buildPhases = (
				3241E2ED10727BC500144CE0 /* Resources */,
				3241E2EE10727BC500144CE0 /* Sources */,
				3241E2EF10727BC500144CE0 /* Frameworks */,
			);
			buildRules = (
			);
			dependencies = (
			);
			name = ImageMapGen;
			productName = ImageMapGen;
			productReference = 3241E2F110727BC500144CE0 /* ImageMapGen.app */;
			productType = "com.apple.product-type.application";
		};
		32D4CDA2147AE00C008973BD /* KeyboardParser */ = {
			isa = PBXNativeTarget;
			buildConfigurationList = 32D4CDB0147AE079008973BD /* Build configuration list for PBXNativeTarget "KeyboardParser" */;
			buildPhases = (
				32D4CDA0147AE00C008973BD /* Sources */,
				32D4CDA1147AE00C008973BD /* Frameworks */,
			);
			buildRules = (
			);
			dependencies = (
			);
			name = KeyboardParser;
			productName = KeyboardParser;
			productReference = 32D4CDA3147AE00C008973BD /* KeyboardParser */;
			productType = "com.apple.product-type.tool";
		};
		32F9027E1076ACB2000D0404 /* Postinstall */ = {
			isa = PBXNativeTarget;
			buildConfigurationList = 32F902841076ACF7000D0404 /* Build configuration list for PBXNativeTarget "Postinstall" */;
			buildPhases = (
				32F9027C1076ACB2000D0404 /* Sources */,
				32F9027D1076ACB2000D0404 /* Frameworks */,
			);
			buildRules = (
			);
			dependencies = (
			);
			name = Postinstall;
			productName = InstallRegister;
			productReference = 32F9027F1076ACB2000D0404 /* IPAPalettePostinstall */;
			productType = "com.apple.product-type.tool";
		};
		8D1107260486CEB800E47090 /* IPAPalette */ = {
			isa = PBXNativeTarget;
			buildConfigurationList = C01FCF4A08A954540054247B /* Build configuration list for PBXNativeTarget "IPAPalette" */;
			buildPhases = (
				8D1107290486CEB800E47090 /* Resources */,
				8D11072C0486CEB800E47090 /* Sources */,
				8D11072E0486CEB800E47090 /* Frameworks */,
			);
			buildRules = (
			);
			dependencies = (
			);
			name = IPAPalette;
			productInstallPath = "$(HOME)/Applications";
			productName = NumberInput;
			productReference = 8D1107320486CEB800E47090 /* IPAPalette.app */;
			productType = "com.apple.product-type.application";
		};
/* End PBXNativeTarget section */

/* Begin PBXProject section */
		29B97313FDCFA39411CA2CEA /* Project object */ = {
			isa = PBXProject;
			buildConfigurationList = C01FCF4E08A954540054247B /* Build configuration list for PBXProject "IPAPalette" */;
			compatibilityVersion = "Xcode 3.0";
			developmentRegion = English;
			hasScannedForEncodings = 1;
			knownRegions = (
				de,
				ja,
				ko,
				en_GB,
				vi,
				ru,
				zh_CN,
				zh_TW,
				en,
				zz,
				fr,
				zh_HK,
				fi,
				nl,
				es,
				it,
			);
			mainGroup = 29B97314FDCFA39411CA2CEA /* NumberInput */;
			projectDirPath = "";
			projectRoot = "";
			targets = (
				8D1107260486CEB800E47090 /* IPAPalette */,
				3241E2F010727BC500144CE0 /* ImageMapGen */,
				32F9027E1076ACB2000D0404 /* Postinstall */,
				32D4CDA2147AE00C008973BD /* KeyboardParser */,
				32DC629B10D2FF87008B5B1B /* All */,
			);
		};
/* End PBXProject section */

/* Begin PBXResourcesBuildPhase section */
		3241E2ED10727BC500144CE0 /* Resources */ = {
			isa = PBXResourcesBuildPhase;
			buildActionMask = 2147483647;
			files = (
				3299F3E1143E65B9009191BC /* HackedDoulos-Regular.ttf in Resources */,
				326E891B144616450063F34B /* MainMenu.xib in Resources */,
			);
			runOnlyForDeploymentPostprocessing = 0;
		};
		8D1107290486CEB800E47090 /* Resources */ = {
			isa = PBXResourcesBuildPhase;
			buildActionMask = 2147483647;
			files = (
				3247FE961051B3B70013F223 /* IPAIcon.tif in Resources */,
				3229611713846B22008157E9 /* MainMenu.xib in Resources */,
				3229612413846B61008157E9 /* Cons.pdf in Resources */,
				3229612513846B61008157E9 /* Vow.pdf in Resources */,
				3229612613846B61008157E9 /* VowDrag.pdf in Resources */,
				3229612713846B61008157E9 /* SupraTone.pdf in Resources */,
				3229612813846B61008157E9 /* Diacritic.pdf in Resources */,
				3229612913846B61008157E9 /* ExtIPA.pdf in Resources */,
				3229612A13846B61008157E9 /* Other.pdf in Resources */,
				3229612E13846B6D008157E9 /* plus.icns in Resources */,
				3229612F13846B6D008157E9 /* Localizable.strings in Resources */,
				3229613013846B6D008157E9 /* MapData.plist in Resources */,
				3229613113846B6D008157E9 /* Alts.strings in Resources */,
				32B0660A13BA7DEB00EB242B /* Pal.pdf in Resources */,
				32B0660B13BA7DEB00EB242B /* Retro.pdf in Resources */,
				32B0661013BA7E1100EB242B /* VPh.pdf in Resources */,
				32E729E11444EC3700E2B07B /* IPAIconTemplate.pdf in Resources */,
				328E50181459D77700BAB93F /* defaults.plist in Resources */,
				320EDD5C14884D2400B191B0 /* Keyboard.plist in Resources */,
			);
			runOnlyForDeploymentPostprocessing = 0;
		};
/* End PBXResourcesBuildPhase section */

/* Begin PBXSourcesBuildPhase section */
		3241E2EE10727BC500144CE0 /* Sources */ = {
			isa = PBXSourcesBuildPhase;
			buildActionMask = 2147483647;
			files = (
				3241E31910727C8200144CE0 /* AppController.m in Sources */,
				3241E32D10727CFC00144CE0 /* Placeholder.c in Sources */,
				3241E32F10727D1100144CE0 /* main.m in Sources */,
				3241F26C10975BD3004779A4 /* PDFImageMapCreator.m in Sources */,
				3221A721111C83EB00D8D1A9 /* TextRenderer.c in Sources */,
			);
			runOnlyForDeploymentPostprocessing = 0;
		};
		32D4CDA0147AE00C008973BD /* Sources */ = {
			isa = PBXSourcesBuildPhase;
			buildActionMask = 2147483647;
			files = (
				32D4CDB4147AE0C5008973BD /* main.m in Sources */,
				32D4CECB147AF8B2008973BD /* KeylayoutParser.m in Sources */,
			);
			runOnlyForDeploymentPostprocessing = 0;
		};
		32F9027C1076ACB2000D0404 /* Sources */ = {
			isa = PBXSourcesBuildPhase;
			buildActionMask = 2147483647;
			files = (
				32F902831076ACD8000D0404 /* IPAPalettePostinstall.m in Sources */,
			);
			runOnlyForDeploymentPostprocessing = 0;
		};
		8D11072C0486CEB800E47090 /* Sources */ = {
			isa = PBXSourcesBuildPhase;
			buildActionMask = 2147483647;
			files = (
				8D11072D0486CEB800E47090 /* main.m in Sources */,
				E93074E20A5C2F1200470842 /* IPAInputController.m in Sources */,
				3229611A13846B4B008157E9 /* CMAPParser.c in Sources */,
				3229611B13846B4C008157E9 /* GlyphView.m in Sources */,
				3229611C13846B4C008157E9 /* IPAServer.m in Sources */,
				3229611D13846B4D008157E9 /* PDFImageMap.m in Sources */,
				3229611E13846B4E008157E9 /* PDFImageMapCreator.m in Sources */,
				3229611F13846B4E008157E9 /* Placeholder.c in Sources */,
				3229612013846B50008157E9 /* TextRenderer.c in Sources */,
				3229612113846B50008157E9 /* UserGlyphsController.m in Sources */,
				3229612213846B56008157E9 /* Onizuka.m in Sources */,
				32B0662B13BA815800EB242B /* MAAttachedWindow.m in Sources */,
				32F57E4B148944C30032B77E /* KeylayoutParser.m in Sources */,
				32DB949914ED9B5A008A805A /* NSView+Spinny.m in Sources */,
			);
			runOnlyForDeploymentPostprocessing = 0;
		};
/* End PBXSourcesBuildPhase section */

/* Begin PBXTargetDependency section */
		32D4CDA8147AE044008973BD /* PBXTargetDependency */ = {
			isa = PBXTargetDependency;
			target = 32D4CDA2147AE00C008973BD /* KeyboardParser */;
			targetProxy = 32D4CDA7147AE044008973BD /* PBXContainerItemProxy */;
		};
		32DC62A010D2FFAB008B5B1B /* PBXTargetDependency */ = {
			isa = PBXTargetDependency;
			target = 8D1107260486CEB800E47090 /* IPAPalette */;
			targetProxy = 32DC629F10D2FFAB008B5B1B /* PBXContainerItemProxy */;
		};
		32DC62A810D2FFAB008B5B1B /* PBXTargetDependency */ = {
			isa = PBXTargetDependency;
			target = 3241E2F010727BC500144CE0 /* ImageMapGen */;
			targetProxy = 32DC62A710D2FFAB008B5B1B /* PBXContainerItemProxy */;
		};
		32DC62AA10D2FFAB008B5B1B /* PBXTargetDependency */ = {
			isa = PBXTargetDependency;
			target = 32F9027E1076ACB2000D0404 /* Postinstall */;
			targetProxy = 32DC62A910D2FFAB008B5B1B /* PBXContainerItemProxy */;
		};
/* End PBXTargetDependency section */

/* Begin PBXVariantGroup section */
		3226A32A10863DCC000AD993 /* Localizable.strings */ = {
			isa = PBXVariantGroup;
			children = (
				3226A32B10863DCC000AD993 /* en */,
				3226A32F10863DE0000AD993 /* en_GB */,
				3226A32E10863DDC000AD993 /* de */,
				32022D7C11D16A8F000BFE8F /* es */,
				32E102081110BFC100B1F030 /* fi */,
				3226A33010863DE4000AD993 /* fr */,
				32022D7D11D16A99000BFE8F /* it */,
				3226A33110863DE9000AD993 /* ja */,
				3226A33210863DEC000AD993 /* ko */,
				32FE85E611629A0700E64D62 /* nl */,
				3226A33310863DF0000AD993 /* ru */,
				3226A33410863DF3000AD993 /* vi */,
				3226A33510863DFA000AD993 /* zh_CN */,
				32DC620E10D2EF6B008B5B1B /* zh_TW */,
			);
			name = Localizable.strings;
			sourceTree = SOURCE_ROOT;
		};
/* End PBXVariantGroup section */

/* Begin XCBuildConfiguration section */
		3241E2F410727BC600144CE0 /* Debug */ = {
			isa = XCBuildConfiguration;
			buildSettings = {
				ALWAYS_SEARCH_USER_PATHS = NO;
				ARCHS = (
					ppc,
					i386,
					x86_64,
				);
				COPY_PHASE_STRIP = NO;
				DEBUG_INFORMATION_FORMAT = dwarf;
				GCC_DYNAMIC_NO_PIC = YES;
				GCC_ENABLE_FIX_AND_CONTINUE = NO;
				GCC_MODEL_TUNING = G5;
				GCC_OPTIMIZATION_LEVEL = 0;
				GCC_PRECOMPILE_PREFIX_HEADER = YES;
				GCC_PREFIX_HEADER = "$(SYSTEM_LIBRARY_DIR)/Frameworks/AppKit.framework/Headers/AppKit.h";
				GCC_VERSION = com.apple.compilers.llvm.clang.1_0;
				INFOPLIST_FILE = ImageMapGen/Info.plist;
				INSTALL_PATH = "$(HOME)/Applications";
				OTHER_LDFLAGS = (
					"-framework",
					Foundation,
					"-framework",
					AppKit,
				);
				PREBINDING = NO;
				PRODUCT_NAME = ImageMapGen;
				SDKROOT = "$(DEVELOPER_SDK_DIR)/MacOSX10.5.sdk";
			};
			name = Debug;
		};
		3241E2F510727BC600144CE0 /* Release */ = {
			isa = XCBuildConfiguration;
			buildSettings = {
				ALWAYS_SEARCH_USER_PATHS = NO;
				ARCHS = i386;
				COPY_PHASE_STRIP = YES;
				DEBUG_INFORMATION_FORMAT = dwarf;
				GCC_DYNAMIC_NO_PIC = YES;
				GCC_ENABLE_FIX_AND_CONTINUE = NO;
				GCC_MODEL_TUNING = G5;
				GCC_PRECOMPILE_PREFIX_HEADER = YES;
				GCC_PREFIX_HEADER = "$(SYSTEM_LIBRARY_DIR)/Frameworks/AppKit.framework/Headers/AppKit.h";
				GCC_VERSION = com.apple.compilers.llvm.clang.1_0;
				INFOPLIST_FILE = ImageMapGen/Info.plist;
				INSTALL_PATH = "$(HOME)/Applications";
				OTHER_LDFLAGS = (
					"-framework",
					Foundation,
					"-framework",
					AppKit,
				);
				PREBINDING = NO;
				PRODUCT_NAME = ImageMapGen;
				SDKROOT = "$(DEVELOPER_SDK_DIR)/MacOSX10.5.sdk";
				ZERO_LINK = NO;
			};
			name = Release;
		};
		32D4CDA5147AE00D008973BD /* Debug */ = {
			isa = XCBuildConfiguration;
			buildSettings = {
				ALWAYS_SEARCH_USER_PATHS = NO;
				ARCHS = (
					ppc,
					i386,
					x86_64,
				);
				COPY_PHASE_STRIP = NO;
				GCC_DYNAMIC_NO_PIC = NO;
				GCC_ENABLE_FIX_AND_CONTINUE = NO;
				GCC_MODEL_TUNING = G5;
				GCC_OPTIMIZATION_LEVEL = 0;
				GCC_PRECOMPILE_PREFIX_HEADER = YES;
				GCC_PREFIX_HEADER = "$(SYSTEM_LIBRARY_DIR)/Frameworks/AppKit.framework/Headers/AppKit.h";
				GCC_VERSION = com.apple.compilers.llvm.clang.1_0;
				INSTALL_PATH = /usr/local/bin;
				OTHER_CFLAGS = "-D__KEYLAYOUTPARSER_INCLUDE_DUMP__=1";
				OTHER_LDFLAGS = (
					"-framework",
					Foundation,
					"-framework",
					AppKit,
				);
				PREBINDING = NO;
				PRODUCT_NAME = KeyboardParser;
			};
			name = Debug;
		};
		32D4CDA6147AE00D008973BD /* Release */ = {
			isa = XCBuildConfiguration;
			buildSettings = {
				ALWAYS_SEARCH_USER_PATHS = NO;
				COPY_PHASE_STRIP = YES;
				DEBUG_INFORMATION_FORMAT = "dwarf-with-dsym";
				GCC_ENABLE_FIX_AND_CONTINUE = NO;
				GCC_MODEL_TUNING = G5;
				GCC_PRECOMPILE_PREFIX_HEADER = YES;
				GCC_PREFIX_HEADER = "$(SYSTEM_LIBRARY_DIR)/Frameworks/AppKit.framework/Headers/AppKit.h";
				GCC_VERSION = com.apple.compilers.llvm.clang.1_0;
				INSTALL_PATH = /usr/local/bin;
				OTHER_CFLAGS = "-D__KEYBOARD_PARSER_DEBUG__";
				OTHER_LDFLAGS = (
					"-framework",
					Foundation,
					"-framework",
					AppKit,
					"-lexpat",
				);
				PREBINDING = NO;
				PRODUCT_NAME = KeyboardParser;
				ZERO_LINK = NO;
			};
			name = Release;
		};
		32DC629C10D2FF87008B5B1B /* Debug */ = {
			isa = XCBuildConfiguration;
			buildSettings = {
				COPY_PHASE_STRIP = NO;
				GCC_DYNAMIC_NO_PIC = NO;
				GCC_OPTIMIZATION_LEVEL = 0;
				PRODUCT_NAME = All;
			};
			name = Debug;
		};
		32DC629D10D2FF87008B5B1B /* Release */ = {
			isa = XCBuildConfiguration;
			buildSettings = {
				COPY_PHASE_STRIP = YES;
				DEBUG_INFORMATION_FORMAT = "dwarf-with-dsym";
				GCC_ENABLE_FIX_AND_CONTINUE = NO;
				PRODUCT_NAME = All;
				ZERO_LINK = NO;
			};
			name = Release;
		};
		32F902811076ACB3000D0404 /* Debug */ = {
			isa = XCBuildConfiguration;
			buildSettings = {
				ALWAYS_SEARCH_USER_PATHS = NO;
				ARCHS = "$(ARCHS_STANDARD_32_BIT_PRE_XCODE_3_1)";
				ARCHS_STANDARD_32_BIT_PRE_XCODE_3_1 = "ppc i386";
				COPY_PHASE_STRIP = NO;
				DEBUG_INFORMATION_FORMAT = dwarf;
				GCC_DYNAMIC_NO_PIC = YES;
				GCC_ENABLE_FIX_AND_CONTINUE = NO;
				GCC_MODEL_TUNING = G5;
				GCC_OPTIMIZATION_LEVEL = 0;
				GCC_PRECOMPILE_PREFIX_HEADER = YES;
				GCC_PREFIX_HEADER = "$(SYSTEM_LIBRARY_DIR)/Frameworks/AppKit.framework/Headers/AppKit.h";
				GCC_VERSION = com.apple.compilers.llvm.clang.1_0;
				GCC_WARN_ABOUT_MISSING_NEWLINE = YES;
				GCC_WARN_ABOUT_MISSING_PROTOTYPES = YES;
				GCC_WARN_MISSING_PARENTHESES = YES;
				GCC_WARN_SHADOW = YES;
				INSTALL_PATH = /usr/local/bin;
				OTHER_LDFLAGS = (
					"-framework",
					Foundation,
					"-framework",
					AppKit,
				);
				PREBINDING = NO;
				PRODUCT_NAME = IPAPalettePostinstall;
				SDKROOT = "$(DEVELOPER_SDK_DIR)/MacOSX10.5.sdk";
			};
			name = Debug;
		};
		32F902821076ACB3000D0404 /* Release */ = {
			isa = XCBuildConfiguration;
			buildSettings = {
				ALWAYS_SEARCH_USER_PATHS = NO;
				ARCHS = "$(ARCHS_STANDARD_32_BIT_PRE_XCODE_3_1)";
				ARCHS_STANDARD_32_BIT_PRE_XCODE_3_1 = "ppc i386";
				COPY_PHASE_STRIP = YES;
				DEBUG_INFORMATION_FORMAT = dwarf;
				GCC_DEBUGGING_SYMBOLS = used;
				GCC_DYNAMIC_NO_PIC = YES;
				GCC_ENABLE_FIX_AND_CONTINUE = NO;
				GCC_GENERATE_DEBUGGING_SYMBOLS = NO;
				GCC_MODEL_TUNING = G5;
				GCC_PRECOMPILE_PREFIX_HEADER = YES;
				GCC_PREFIX_HEADER = "$(SYSTEM_LIBRARY_DIR)/Frameworks/AppKit.framework/Headers/AppKit.h";
				GCC_VERSION = com.apple.compilers.llvm.clang.1_0;
				INSTALL_PATH = /usr/local/bin;
				MACH_O_TYPE = mh_execute;
				OTHER_LDFLAGS = (
					"-framework",
					Foundation,
					"-framework",
					AppKit,
				);
				PREBINDING = NO;
				PRODUCT_NAME = IPAPalettePostinstall;
				SDKROOT = "$(DEVELOPER_SDK_DIR)/MacOSX10.5.sdk";
				ZERO_LINK = NO;
			};
			name = Release;
		};
		C01FCF4B08A954540054247B /* Debug */ = {
			isa = XCBuildConfiguration;
			buildSettings = {
				ARCHS = (
					ppc,
					i386,
					x86_64,
				);
				COPY_PHASE_STRIP = NO;
				GCC_DYNAMIC_NO_PIC = NO;
				GCC_ENABLE_FIX_AND_CONTINUE = NO;
				GCC_ENABLE_PASCAL_STRINGS = NO;
				GCC_MODEL_TUNING = G5;
				GCC_OPTIMIZATION_LEVEL = 0;
				GCC_TREAT_IMPLICIT_FUNCTION_DECLARATIONS_AS_ERRORS = NO;
				GCC_VERSION = com.apple.compilers.llvm.clang.1_0;
				GCC_WARN_64_TO_32_BIT_CONVERSION = NO;
				GCC_WARN_ABOUT_MISSING_NEWLINE = YES;
				GCC_WARN_ABOUT_MISSING_PROTOTYPES = YES;
				GCC_WARN_CHECK_SWITCH_STATEMENTS = YES;
				GCC_WARN_FOUR_CHARACTER_CONSTANTS = NO;
				GCC_WARN_INITIALIZER_NOT_FULLY_BRACKETED = YES;
				GCC_WARN_MISSING_PARENTHESES = YES;
				GCC_WARN_PEDANTIC = NO;
				GCC_WARN_PROTOTYPE_CONVERSION = NO;
				GCC_WARN_SHADOW = YES;
				GCC_WARN_SIGN_COMPARE = YES;
				GCC_WARN_TYPECHECK_CALLS_TO_PRINTF = YES;
				GCC_WARN_UNINITIALIZED_AUTOS = NO;
				GCC_WARN_UNKNOWN_PRAGMAS = YES;
				GCC_WARN_UNUSED_FUNCTION = YES;
				GCC_WARN_UNUSED_LABEL = YES;
				GCC_WARN_UNUSED_PARAMETER = YES;
				GCC_WARN_UNUSED_VALUE = YES;
				INFOPLIST_FILE = Palette/Info.plist;
				INSTALL_PATH = "\"$(LOCAL_LIBRARY_DIR)/Input Methods/\"";
				OTHER_CFLAGS = "-DXCODE_DEBUG_CONFIGURATION_DEBUG=1";
				PRODUCT_NAME = IPAPalette;
				SDKROOT = "$(DEVELOPER_SDK_DIR)/MacOSX10.5.sdk";
				STRINGS_FILE_OUTPUT_ENCODING = "UTF-16";
				WRAPPER_EXTENSION = app;
			};
			name = Debug;
		};
		C01FCF4C08A954540054247B /* Release */ = {
			isa = XCBuildConfiguration;
			buildSettings = {
				ARCHS = (
					ppc,
					i386,
					x86_64,
				);
				DEBUG_INFORMATION_FORMAT = dwarf;
				GCC_ENABLE_PASCAL_STRINGS = NO;
				GCC_GENERATE_DEBUGGING_SYMBOLS = NO;
				GCC_MODEL_TUNING = G5;
				GCC_TREAT_IMPLICIT_FUNCTION_DECLARATIONS_AS_ERRORS = NO;
				GCC_VERSION = com.apple.compilers.llvm.clang.1_0;
				GCC_WARN_64_TO_32_BIT_CONVERSION = NO;
				GCC_WARN_ABOUT_MISSING_NEWLINE = YES;
				GCC_WARN_ABOUT_MISSING_PROTOTYPES = YES;
				GCC_WARN_CHECK_SWITCH_STATEMENTS = YES;
				GCC_WARN_FOUR_CHARACTER_CONSTANTS = NO;
				GCC_WARN_INITIALIZER_NOT_FULLY_BRACKETED = YES;
				GCC_WARN_MISSING_PARENTHESES = YES;
				GCC_WARN_PEDANTIC = NO;
				GCC_WARN_PROTOTYPE_CONVERSION = NO;
				GCC_WARN_SHADOW = YES;
				GCC_WARN_SIGN_COMPARE = YES;
				GCC_WARN_TYPECHECK_CALLS_TO_PRINTF = YES;
				GCC_WARN_UNINITIALIZED_AUTOS = YES;
				GCC_WARN_UNKNOWN_PRAGMAS = YES;
				GCC_WARN_UNUSED_FUNCTION = YES;
				GCC_WARN_UNUSED_LABEL = YES;
				GCC_WARN_UNUSED_PARAMETER = YES;
				GCC_WARN_UNUSED_VALUE = YES;
				INFOPLIST_FILE = Palette/Info.plist;
				INSTALL_PATH = "\"$(LOCAL_LIBRARY_DIR)/Input Methods/\"";
				OTHER_CFLAGS = "";
				PRODUCT_NAME = IPAPalette;
				SDKROOT = "$(DEVELOPER_SDK_DIR)/MacOSX10.5.sdk";
				STRINGS_FILE_OUTPUT_ENCODING = "UTF-16";
				WRAPPER_EXTENSION = app;
			};
			name = Release;
		};
		C01FCF4F08A954540054247B /* Debug */ = {
			isa = XCBuildConfiguration;
			buildSettings = {
				ARCHS = "$(ARCHS_STANDARD_32_BIT_PRE_XCODE_3_1)";
				ARCHS_STANDARD_32_BIT_PRE_XCODE_3_1 = "ppc i386";
				GCC_C_LANGUAGE_STANDARD = c99;
				GCC_WARN_ABOUT_RETURN_TYPE = YES;
				GCC_WARN_UNUSED_VARIABLE = YES;
				MACH_O_TYPE = mh_execute;
				PREBINDING = NO;
				STRINGS_FILE_OUTPUT_ENCODING = "UTF-16";
			};
			name = Debug;
		};
		C01FCF5008A954540054247B /* Release */ = {
			isa = XCBuildConfiguration;
			buildSettings = {
				ARCHS = "$(ARCHS_STANDARD_32_BIT_PRE_XCODE_3_1)";
				ARCHS_STANDARD_32_BIT_PRE_XCODE_3_1 = "ppc i386";
				GCC_C_LANGUAGE_STANDARD = c99;
				GCC_WARN_ABOUT_RETURN_TYPE = YES;
				GCC_WARN_UNUSED_VARIABLE = YES;
				PREBINDING = NO;
				SDKROOT = "";
				STRINGS_FILE_OUTPUT_ENCODING = "UTF-16";
			};
			name = Release;
		};
/* End XCBuildConfiguration section */

/* Begin XCConfigurationList section */
		3241E2F610727BC600144CE0 /* Build configuration list for PBXNativeTarget "ImageMapGen" */ = {
			isa = XCConfigurationList;
			buildConfigurations = (
				3241E2F410727BC600144CE0 /* Debug */,
				3241E2F510727BC600144CE0 /* Release */,
			);
			defaultConfigurationIsVisible = 0;
			defaultConfigurationName = Release;
		};
		32D4CDB0147AE079008973BD /* Build configuration list for PBXNativeTarget "KeyboardParser" */ = {
			isa = XCConfigurationList;
			buildConfigurations = (
				32D4CDA5147AE00D008973BD /* Debug */,
				32D4CDA6147AE00D008973BD /* Release */,
			);
			defaultConfigurationIsVisible = 0;
			defaultConfigurationName = Release;
		};
		32DC629E10D2FFA5008B5B1B /* Build configuration list for PBXAggregateTarget "All" */ = {
			isa = XCConfigurationList;
			buildConfigurations = (
				32DC629C10D2FF87008B5B1B /* Debug */,
				32DC629D10D2FF87008B5B1B /* Release */,
			);
			defaultConfigurationIsVisible = 0;
			defaultConfigurationName = Release;
		};
		32F902841076ACF7000D0404 /* Build configuration list for PBXNativeTarget "Postinstall" */ = {
			isa = XCConfigurationList;
			buildConfigurations = (
				32F902811076ACB3000D0404 /* Debug */,
				32F902821076ACB3000D0404 /* Release */,
			);
			defaultConfigurationIsVisible = 0;
			defaultConfigurationName = Release;
		};
		C01FCF4A08A954540054247B /* Build configuration list for PBXNativeTarget "IPAPalette" */ = {
			isa = XCConfigurationList;
			buildConfigurations = (
				C01FCF4B08A954540054247B /* Debug */,
				C01FCF4C08A954540054247B /* Release */,
			);
			defaultConfigurationIsVisible = 0;
			defaultConfigurationName = Release;
		};
		C01FCF4E08A954540054247B /* Build configuration list for PBXProject "IPAPalette" */ = {
			isa = XCConfigurationList;
			buildConfigurations = (
				C01FCF4F08A954540054247B /* Debug */,
				C01FCF5008A954540054247B /* Release */,
			);
			defaultConfigurationIsVisible = 0;
			defaultConfigurationName = Release;
		};
/* End XCConfigurationList section */
	};
	rootObject = 29B97313FDCFA39411CA2CEA /* Project object */;
}
